<Solution>
  <Folder Name="/src/">
    <Project Path="src/RestaurantMenu.Api/RestaurantMenu.Api.csproj" />
  </Folder>
  <Folder Name="/src/BuildingBlocks/">
    <Project Path="src/BuildingBlocks/RestaurantMenu.Application.Abstractions/RestaurantMenu.Application.Abstractions.csproj" />
    <Project Path="src/BuildingBlocks/RestaurantMenu.Presentation.Abstractions/RestaurantMenu.Presentation.Abstractions.csproj" />
    <Project Path="src/BuildingBlocks/RestaurantMenu.SharedKernel/RestaurantMenu.SharedKernel.csproj" />
  </Folder>
  <Folder Name="/src/Modules/" />
  <Folder Name="/src/Modules/Ordering/">
    <Project Path="src/Modules/Ordering/RestaurantMenu.Ordering.Application/RestaurantMenu.Ordering.Application.csproj" />
    <Project Path="src/Modules/Ordering/RestaurantMenu.Ordering.Domain/RestaurantMenu.Ordering.Domain.csproj" />
    <Project Path="src/Modules/Ordering/RestaurantMenu.Ordering.Infrastructure/RestaurantMenu.Ordering.Infrastructure.csproj" />
    <Project Path="src/Modules/Ordering/RestaurantMenu.Ordering.Presentation/RestaurantMenu.Ordering.Presentation.csproj" />
  </Folder>
  <Folder Name="/src/Modules/Media/">
    <Project Path="src/Modules/Media/RestaurantMenu.Media.Application/RestaurantMenu.Media.Application.csproj" />
    <Project Path="src/Modules/Media/RestaurantMenu.Media.Domain/RestaurantMenu.Media.Domain.csproj" />
    <Project Path="src/Modules/Media/RestaurantMenu.Media.Infrastructure/RestaurantMenu.Media.Infrastructure.csproj" />
    <Project Path="src/Modules/Media/RestaurantMenu.Media.Presentation/RestaurantMenu.Media.Presentation.csproj" />
  </Folder>
  <Folder Name="/src/Modules/Catalog/">
    <Project Path="src/Modules/Catalog/RestaurantMenu.Catalog.Application/RestaurantMenu.Catalog.Application.csproj" />
    <Project Path="src/Modules/Catalog/RestaurantMenu.Catalog.Domain/RestaurantMenu.Catalog.Domain.csproj" />
    <Project Path="src/Modules/Catalog/RestaurantMenu.Catalog.Infrastructure/RestaurantMenu.Catalog.Infrastructure.csproj" />
    <Project Path="src/Modules/Catalog/RestaurantMenu.Catalog.Presentation/RestaurantMenu.Catalog.Presentation.csproj" />
  </Folder>
  <Folder Name="/src/Modules/Restaurants/">
    <Project Path="src/Modules/Restaurants/RestaurantMenu.Restaurants.Application/RestaurantMenu.Restaurants.Application.csproj" />
    <Project Path="src/Modules/Restaurants/RestaurantMenu.Restaurants.Domain/RestaurantMenu.Restaurants.Domain.csproj" />
    <Project Path="src/Modules/Restaurants/RestaurantMenu.Restaurants.Infrastructure/RestaurantMenu.Restaurants.Infrastructure.csproj" />
    <Project Path="src/Modules/Restaurants/RestaurantMenu.Restaurants.Presentation/RestaurantMenu.Restaurants.Presentation.csproj" />
  </Folder>
  <Folder Name="/tests/">
    <Project Path="tests/RestaurantMenu.Api.FunctionalTests/RestaurantMenu.Api.FunctionalTests.csproj" />
    <Project Path="tests/RestaurantMenu.ArchitectureTests/RestaurantMenu.ArchitectureTests.csproj" />
  </Folder>
  <Folder Name="/tests/Modules/" />
  <Folder Name="/tests/Modules/Ordering/">
    <Project Path="tests/Modules/Ordering/RestaurantMenu.Ordering.Application.UnitTests/RestaurantMenu.Ordering.Application.UnitTests.csproj" />
    <Project Path="tests/Modules/Ordering/RestaurantMenu.Ordering.Domain.UnitTests/RestaurantMenu.Ordering.Domain.UnitTests.csproj" />
    <Project Path="tests/Modules/Ordering/RestaurantMenu.Ordering.IntegrationTests/RestaurantMenu.Ordering.IntegrationTests.csproj" />
  </Folder>
  <Folder Name="/tests/Modules/Media/">
    <Project Path="tests/Modules/Media/RestaurantMenu.Media.Application.UnitTests/RestaurantMenu.Media.Application.UnitTests.csproj" />
    <Project Path="tests/Modules/Media/RestaurantMenu.Media.Domain.UnitTests/RestaurantMenu.Media.Domain.UnitTests.csproj" />
    <Project Path="tests/Modules/Media/RestaurantMenu.Media.IntegrationTests/RestaurantMenu.Media.IntegrationTests.csproj" />
  </Folder>
  <Folder Name="/tests/Modules/Catalog/">
    <Project Path="tests/Modules/Catalog/RestaurantMenu.Catalog.Application.UnitTests/RestaurantMenu.Catalog.Application.UnitTests.csproj" />
    <Project Path="tests/Modules/Catalog/RestaurantMenu.Catalog.Domain.UnitTests/RestaurantMenu.Catalog.Domain.UnitTests.csproj" />
    <Project Path="tests/Modules/Catalog/RestaurantMenu.Catalog.IntegrationTests/RestaurantMenu.Catalog.IntegrationTests.csproj" />
  </Folder>
  <Folder Name="/tests/Modules/Restaurants/">
    <Project Path="tests/Modules/Restaurants/RestaurantMenu.Restaurants.Application.UnitTests/RestaurantMenu.Restaurants.Application.UnitTests.csproj" />
    <Project Path="tests/Modules/Restaurants/RestaurantMenu.Restaurants.Domain.UnitTests/RestaurantMenu.Restaurants.Domain.UnitTests.csproj" />
    <Project Path="tests/Modules/Restaurants/RestaurantMenu.Restaurants.IntegrationTests/RestaurantMenu.Restaurants.IntegrationTests.csproj" />
  </Folder>
</Solution>
